// !$*UTF8*$!
{
	archiveVersion = 1;
	classes = {
	};
	objectVersion = 46;
	objects = {

/* Begin PBXBuildFile section */
		55C738E11BDFD61400CAA072 /* AppDelegate.swift in Sources */ = {isa = PBXBuildFile; fileRef = 55C738E01BDFD61400CAA072 /* AppDelegate.swift */; };
		55C738E31BDFD61400CAA072 /* ViewController.swift in Sources */ = {isa = PBXBuildFile; fileRef = 55C738E21BDFD61400CAA072 /* ViewController.swift */; };
		55C738E61BDFD61400CAA072 /* Main.storyboard in Resources */ = {isa = PBXBuildFile; fileRef = 55C738E41BDFD61400CAA072 /* Main.storyboard */; };
		55C738E91BDFD61400CAA072 /* SwiftyContact.xcdatamodeld in Sources */ = {isa = PBXBuildFile; fileRef = 55C738E71BDFD61400CAA072 /* SwiftyContact.xcdatamodeld */; };
		55C738EB1BDFD61400CAA072 /* Assets.xcassets in Resources */ = {isa = PBXBuildFile; fileRef = 55C738EA1BDFD61400CAA072 /* Assets.xcassets */; };
		55C738EE1BDFD61400CAA072 /* LaunchScreen.storyboard in Resources */ = {isa = PBXBuildFile; fileRef = 55C738EC1BDFD61400CAA072 /* LaunchScreen.storyboard */; };
		55C738FB1BDFDF9500CAA072 /* DetailViewController.swift in Sources */ = {isa = PBXBuildFile; fileRef = 55C738FA1BDFDF9500CAA072 /* DetailViewController.swift */; };
		55E013F11BE1354300E5814E /* Persons+CoreDataProperties.swift in Sources */ = {isa = PBXBuildFile; fileRef = 55E013EF1BE1354300E5814E /* Persons+CoreDataProperties.swift */; };
		55E013F21BE1354300E5814E /* Persons.swift in Sources */ = {isa = PBXBuildFile; fileRef = 55E013F01BE1354300E5814E /* Persons.swift */; };
/* End PBXBuildFile section */

/* Begin PBXFileReference section */
		55C738DD1BDFD61400CAA072 /* SwiftyContact.app */ = {isa = PBXFileReference; explicitFileType = wrapper.application; includeInIndex = 0; path = SwiftyContact.app; sourceTree = BUILT_PRODUCTS_DIR; };
		55C738E01BDFD61400CAA072 /* AppDelegate.swift */ = {isa = PBXFileReference; lastKnownFileType = sourcecode.swift; path = AppDelegate.swift; sourceTree = "<group>"; };
		55C738E21BDFD61400CAA072 /* ViewController.swift */ = {isa = PBXFileReference; lastKnownFileType = sourcecode.swift; path = ViewController.swift; sourceTree = "<group>"; };
		55C738E51BDFD61400CAA072 /* Base */ = {isa = PBXFileReference; lastKnownFileType = file.storyboard; name = Base; path = Base.lproj/Main.storyboard; sourceTree = "<group>"; };
		55C738E81BDFD61400CAA072 /* SwiftyContact.xcdatamodel */ = {isa = PBXFileReference; lastKnownFileType = wrapper.xcdatamodel; path = SwiftyContact.xcdatamodel; sourceTree = "<group>"; };
		55C738EA1BDFD61400CAA072 /* Assets.xcassets */ = {isa = PBXFileReference; lastKnownFileType = folder.assetcatalog; path = Assets.xcassets; sourceTree = "<group>"; };
		55C738ED1BDFD61400CAA072 /* Base */ = {isa = PBXFileReference; lastKnownFileType = file.storyboard; name = Base; path = Base.lproj/LaunchScreen.storyboard; sourceTree = "<group>"; };
		55C738EF1BDFD61400CAA072 /* Info.plist */ = {isa = PBXFileReference; lastKnownFileType = text.plist.xml; path = Info.plist; sourceTree = "<group>"; };
		55C738FA1BDFDF9500CAA072 /* DetailViewController.swift */ = {isa = PBXFileReference; fileEncoding = 4; lastKnownFileType = sourcecode.swift; path = DetailViewController.swift; sourceTree = "<group>"; };
		55E013EC1BE133CC00E5814E /* SwiftyContact 2.xcdatamodel */ = {isa = PBXFileReference; lastKnownFileType = wrapper.xcdatamodel; path = "SwiftyContact 2.xcdatamodel"; sourceTree = "<group>"; };
		55E013EF1BE1354300E5814E /* Persons+CoreDataProperties.swift */ = {isa = PBXFileReference; fileEncoding = 4; lastKnownFileType = sourcecode.swift; name = "Persons+CoreDataProperties.swift"; path = "SwiftyContact/Persons+CoreDataProperties.swift"; sourceTree = "<group>"; };
		55E013F01BE1354300E5814E /* Persons.swift */ = {isa = PBXFileReference; fileEncoding = 4; lastKnownFileType = sourcecode.swift; name = Persons.swift; path = SwiftyContact/Persons.swift; sourceTree = "<group>"; };
/* End PBXFileReference section */

/* Begin PBXFrameworksBuildPhase section */
		55C738DA1BDFD61400CAA072 /* Frameworks */ = {
			isa = PBXFrameworksBuildPhase;
			buildActionMask = 2147483647;
			files = (
			);
			runOnlyForDeploymentPostprocessing = 0;
		};
/* End PBXFrameworksBuildPhase section */

/* Begin PBXGroup section */
		55C738D41BDFD61400CAA072 = {
			isa = PBXGroup;
			children = (
				55C738DF1BDFD61400CAA072 /* SwiftyContact */,
				55C738DE1BDFD61400CAA072 /* Products */,
			);
			sourceTree = "<group>";
		};
		55C738DE1BDFD61400CAA072 /* Products */ = {
			isa = PBXGroup;
			children = (
				55C738DD1BDFD61400CAA072 /* SwiftyContact.app */,
			);
			name = Products;
			sourceTree = "<group>";
		};
		55C738DF1BDFD61400CAA072 /* SwiftyContact */ = {
			isa = PBXGroup;
			children = (
				55C738E01BDFD61400CAA072 /* AppDelegate.swift */,
				55C738E21BDFD61400CAA072 /* ViewController.swift */,
				55C738FA1BDFDF9500CAA072 /* DetailViewController.swift */,
				55C738E41BDFD61400CAA072 /* Main.storyboard */,
				55C738EA1BDFD61400CAA072 /* Assets.xcassets */,
				55C738EC1BDFD61400CAA072 /* LaunchScreen.storyboard */,
				55C738EF1BDFD61400CAA072 /* Info.plist */,
				55C738F91BDFD6CA00CAA072 /* Data */,
			);
			path = SwiftyContact;
			sourceTree = "<group>";
		};
		55C738F91BDFD6CA00CAA072 /* Data */ = {
			isa = PBXGroup;
			children = (
				55E013EF1BE1354300E5814E /* Persons+CoreDataProperties.swift */,
				55E013F01BE1354300E5814E /* Persons.swift */,
				55C738E71BDFD61400CAA072 /* SwiftyContact.xcdatamodeld */,
			);
			name = Data;
			path = ..;
			sourceTree = "<group>";
		};
/* End PBXGroup section */

/* Begin PBXNativeTarget section */
		55C738DC1BDFD61400CAA072 /* SwiftyContact */ = {
			isa = PBXNativeTarget;
			buildConfigurationList = 55C738F21BDFD61400CAA072 /* Build configuration list for PBXNativeTarget "SwiftyContact" */;
			buildPhases = (
				55C738D91BDFD61400CAA072 /* Sources */,
				55C738DA1BDFD61400CAA072 /* Frameworks */,
				55C738DB1BDFD61400CAA072 /* Resources */,
			);
			buildRules = (
			);
			dependencies = (
			);
			name = SwiftyContact;
			productName = SwiftyContact;
			productReference = 55C738DD1BDFD61400CAA072 /* SwiftyContact.app */;
			productType = "com.apple.product-type.application";
		};
/* End PBXNativeTarget section */

/* Begin PBXProject section */
		55C738D51BDFD61400CAA072 /* Project object */ = {
			isa = PBXProject;
			attributes = {
				LastSwiftUpdateCheck = 0710;
				LastUpgradeCheck = 0710;
				ORGANIZATIONNAME = "Mike Henry";
				TargetAttributes = {
					55C738DC1BDFD61400CAA072 = {
						CreatedOnToolsVersion = 7.1;
					};
				};
			};
			buildConfigurationList = 55C738D81BDFD61400CAA072 /* Build configuration list for PBXProject "SwiftyContact" */;
			compatibilityVersion = "Xcode 3.2";
			developmentRegion = English;
			hasScannedForEncodings = 0;
			knownRegions = (
				en,
				Base,
			);
			mainGroup = 55C738D41BDFD61400CAA072;
			productRefGroup = 55C738DE1BDFD61400CAA072 /* Products */;
			projectDirPath = "";
			projectRoot = "";
			targets = (
				55C738DC1BDFD61400CAA072 /* SwiftyContact */,
			);
		};
/* End PBXProject section */

/* Begin PBXResourcesBuildPhase section */
		55C738DB1BDFD61400CAA072 /* Resources */ = {
			isa = PBXResourcesBuildPhase;
			buildActionMask = 2147483647;
			files = (
				55C738EE1BDFD61400CAA072 /* LaunchScreen.storyboard in Resources */,
				55C738EB1BDFD61400CAA072 /* Assets.xcassets in Resources */,
				55C738E61BDFD61400CAA072 /* Main.storyboard in Resources */,
			);
			runOnlyForDeploymentPostprocessing = 0;
		};
/* End PBXResourcesBuildPhase section */

/* Begin PBXSourcesBuildPhase section */
		55C738D91BDFD61400CAA072 /* Sources */ = {
			isa = PBXSourcesBuildPhase;
			buildActionMask = 2147483647;
			files = (
				55E013F21BE1354300E5814E /* Persons.swift in Sources */,
				55C738E31BDFD61400CAA072 /* ViewController.swift in Sources */,
				55C738E11BDFD61400CAA072 /* AppDelegate.swift in Sources */,
				55C738FB1BDFDF9500CAA072 /* DetailViewController.swift in Sources */,
				55C738E91BDFD61400CAA072 /* SwiftyContact.xcdatamodeld in Sources */,
				55E013F11BE1354300E5814E /* Persons+CoreDataProperties.swift in Sources */,
			);
			runOnlyForDeploymentPostprocessing = 0;
		};
/* End PBXSourcesBuildPhase section */

/* Begin PBXVariantGroup section */
		55C738E41BDFD61400CAA072 /* Main.storyboard */ = {
			isa = PBXVariantGroup;
			children = (
				55C738E51BDFD61400CAA072 /* Base */,
			);
			name = Main.storyboard;
			sourceTree = "<group>";
		};
		55C738EC1BDFD61400CAA072 /* LaunchScreen.storyboard */ = {
			isa = PBXVariantGroup;
			children = (
				55C738ED1BDFD61400CAA072 /* Base */,
			);
			name = LaunchScreen.storyboard;
			sourceTree = "<group>";
		};
/* End PBXVariantGroup section */

/* Begin XCBuildConfiguration section */
		55C738F01BDFD61400CAA072 /* Debug */ = {
			isa = XCBuildConfiguration;
			buildSettings = {
				ALWAYS_SEARCH_USER_PATHS = NO;
				CLANG_CXX_LANGUAGE_STANDARD = "gnu++0x";
				CLANG_CXX_LIBRARY = "libc++";
				CLANG_ENABLE_MODULES = YES;
				CLANG_ENABLE_OBJC_ARC = YES;
				CLANG_WARN_BOOL_CONVERSION = YES;
				CLANG_WARN_CONSTANT_CONVERSION = YES;
				CLANG_WARN_DIRECT_OBJC_ISA_USAGE = YES_ERROR;
				CLANG_WARN_EMPTY_BODY = YES;
				CLANG_WARN_ENUM_CONVERSION = YES;
				CLANG_WARN_INT_CONVERSION = YES;
				CLANG_WARN_OBJC_ROOT_CLASS = YES_ERROR;
				CLANG_WARN_UNREACHABLE_CODE = YES;
				CLANG_WARN__DUPLICATE_METHOD_MATCH = YES;
				"CODE_SIGN_IDENTITY[sdk=iphoneos*]" = "iPhone Developer";
				COPY_PHASE_STRIP = NO;
				DEBUG_INFORMATION_FORMAT = dwarf;
				ENABLE_STRICT_OBJC_MSGSEND = YES;
				ENABLE_TESTABILITY = YES;
				GCC_C_LANGUAGE_STANDARD = gnu99;
				GCC_DYNAMIC_NO_PIC = NO;
				GCC_NO_COMMON_BLOCKS = YES;
				GCC_OPTIMIZATION_LEVEL = 0;
				GCC_PREPROCESSOR_DEFINITIONS = (
					"DEBUG=1",
					"$(inherited)",
				);
				GCC_WARN_64_TO_32_BIT_CONVERSION = YES;
				GCC_WARN_ABOUT_RETURN_TYPE = YES_ERROR;
				GCC_WARN_UNDECLARED_SELECTOR = YES;
				GCC_WARN_UNINITIALIZED_AUTOS = YES_AGGRESSIVE;
				GCC_WARN_UNUSED_FUNCTION = YES;
				GCC_WARN_UNUSED_VARIABLE = YES;
				IPHONEOS_DEPLOYMENT_TARGET = 9.1;
				MTL_ENABLE_DEBUG_INFO = YES;
				ONLY_ACTIVE_ARCH = YES;
				SDKROOT = iphoneos;
				SWIFT_OPTIMIZATION_LEVEL = "-Onone";
			};
			name = Debug;
		};
		55C738F11BDFD61400CAA072 /* Release */ = {
			isa = XCBuildConfiguration;
			buildSettings = {
				ALWAYS_SEARCH_USER_PATHS = NO;
				CLANG_CXX_LANGUAGE_STANDARD = "gnu++0x";
				CLANG_CXX_LIBRARY = "libc++";
				CLANG_ENABLE_MODULES = YES;
				CLANG_ENABLE_OBJC_ARC = YES;
				CLANG_WARN_BOOL_CONVERSION = YES;
				CLANG_WARN_CONSTANT_CONVERSION = YES;
				CLANG_WARN_DIRECT_OBJC_ISA_USAGE = YES_ERROR;
				CLANG_WARN_EMPTY_BODY = YES;
				CLANG_WARN_ENUM_CONVERSION = YES;
				CLANG_WARN_INT_CONVERSION = YES;
				CLANG_WARN_OBJC_ROOT_CLASS = YES_ERROR;
				CLANG_WARN_UNREACHABLE_CODE = YES;
				CLANG_WARN__DUPLICATE_METHOD_MATCH = YES;
				"CODE_SIGN_IDENTITY[sdk=iphoneos*]" = "iPhone Developer";
				COPY_PHASE_STRIP = NO;
				DEBUG_INFORMATION_FORMAT = "dwarf-with-dsym";
				ENABLE_NS_ASSERTIONS = NO;
				ENABLE_STRICT_OBJC_MSGSEND = YES;
				GCC_C_LANGUAGE_STANDARD = gnu99;
				GCC_NO_COMMON_BLOCKS = YES;
				GCC_WARN_64_TO_32_BIT_CONVERSION = YES;
				GCC_WARN_ABOUT_RETURN_TYPE = YES_ERROR;
				GCC_WARN_UNDECLARED_SELECTOR = YES;
				GCC_WARN_UNINITIALIZED_AUTOS = YES_AGGRESSIVE;
				GCC_WARN_UNUSED_FUNCTION = YES;
				GCC_WARN_UNUSED_VARIABLE = YES;
				IPHONEOS_DEPLOYMENT_TARGET = 9.1;
				MTL_ENABLE_DEBUG_INFO = NO;
				SDKROOT = iphoneos;
				VALIDATE_PRODUCT = YES;
			};
			name = Release;
		};
		55C738F31BDFD61400CAA072 /* Debug */ = {
			isa = XCBuildConfiguration;
			buildSettings = {
				ASSETCATALOG_COMPILER_APPICON_NAME = AppIcon;
				INFOPLIST_FILE = SwiftyContact/Info.plist;
				LD_RUNPATH_SEARCH_PATHS = "$(inherited) @executable_path/Frameworks";
				PRODUCT_BUNDLE_IDENTIFIER = com.henrymike.SwiftyContact;
				PRODUCT_NAME = "$(TARGET_NAME)";
			};
			name = Debug;
		};
		55C738F41BDFD61400CAA072 /* Release */ = {
			isa = XCBuildConfiguration;
			buildSettings = {
				ASSETCATALOG_COMPILER_APPICON_NAME = AppIcon;
				INFOPLIST_FILE = SwiftyContact/Info.plist;
				LD_RUNPATH_SEARCH_PATHS = "$(inherited) @executable_path/Frameworks";
				PRODUCT_BUNDLE_IDENTIFIER = com.henrymike.SwiftyContact;
				PRODUCT_NAME = "$(TARGET_NAME)";
			};
			name = Release;
		};
/* End XCBuildConfiguration section */

/* Begin XCConfigurationList section */
		55C738D81BDFD61400CAA072 /* Build configuration list for PBXProject "SwiftyContact" */ = {
			isa = XCConfigurationList;
			buildConfigurations = (
				55C738F01BDFD61400CAA072 /* Debug */,
				55C738F11BDFD61400CAA072 /* Release */,
			);
			defaultConfigurationIsVisible = 0;
			defaultConfigurationName = Release;
		};
		55C738F21BDFD61400CAA072 /* Build configuration list for PBXNativeTarget "SwiftyContact" */ = {
			isa = XCConfigurationList;
			buildConfigurations = (
				55C738F31BDFD61400CAA072 /* Debug */,
				55C738F41BDFD61400CAA072 /* Release */,
			);
			defaultConfigurationIsVisible = 0;
			defaultConfigurationName = Release;
		};
/* End XCConfigurationList section */

/* Begin XCVersionGroup section */
		55C738E71BDFD61400CAA072 /* SwiftyContact.xcdatamodeld */ = {
			isa = XCVersionGroup;
			children = (
				55E013EC1BE133CC00E5814E /* SwiftyContact 2.xcdatamodel */,
				55C738E81BDFD61400CAA072 /* SwiftyContact.xcdatamodel */,
			);
			currentVersion = 55E013EC1BE133CC00E5814E /* SwiftyContact 2.xcdatamodel */;
			name = SwiftyContact.xcdatamodeld;
			path = SwiftyContact/SwiftyContact.xcdatamodeld;
			sourceTree = "<group>";
			versionGroupType = wrapper.xcdatamodel;
		};
/* End XCVersionGroup section */
	};
	rootObject = 55C738D51BDFD61400CAA072 /* Project object */;
}
